
Microsoft Visual Studio Solution File, Format Version 12.00
# Visual Studio Version 17
VisualStudioVersion = 17.7.34202.233
MinimumVisualStudioVersion = 10.0.40219.1
Project("{FAE04EC0-301F-11D3-BF4B-00C04F79EFBC}") = "WebAPI", "WebAPI\WebAPI.csproj", "{87141635-E9A9-4D7D-AE2A-456117AD36FB}"
EndProject
Project("{FAE04EC0-301F-11D3-BF4B-00C04F79EFBC}") = "Dindelegan_Andreea_Lab11", "Dindelegan_Andreea_Lab11\Dindelegan_Andreea_Lab11.csproj", "{13681EC3-C035-47F5-A33F-587766998DEA}"
EndProject
Global
	GlobalSection(SolutionConfigurationPlatforms) = preSolution
		Debug|Any CPU = Debug|Any CPU
		Release|Any CPU = Release|Any CPU
	EndGlobalSection
	GlobalSection(ProjectConfigurationPlatforms) = postSolution
		{87141635-E9A9-4D7D-AE2A-456117AD36FB}.Debug|Any CPU.ActiveCfg = Debug|Any CPU
		{87141635-E9A9-4D7D-AE2A-456117AD36FB}.Debug|Any CPU.Build.0 = Debug|Any CPU
		{87141635-E9A9-4D7D-AE2A-456117AD36FB}.Release|Any CPU.ActiveCfg = Release|Any CPU
		{87141635-E9A9-4D7D-AE2A-456117AD36FB}.Release|Any CPU.Build.0 = Release|Any CPU
		{13681EC3-C035-47F5-A33F-587766998DEA}.Debug|Any CPU.ActiveCfg = Debug|Any CPU
		{13681EC3-C035-47F5-A33F-587766998DEA}.Debug|Any CPU.Build.0 = Debug|Any CPU
		{13681EC3-C035-47F5-A33F-587766998DEA}.Debug|Any CPU.Deploy.0 = Debug|Any CPU
		{13681EC3-C035-47F5-A33F-587766998DEA}.Release|Any CPU.ActiveCfg = Release|Any CPU
		{13681EC3-C035-47F5-A33F-587766998DEA}.Release|Any CPU.Build.0 = Release|Any CPU
		{13681EC3-C035-47F5-A33F-587766998DEA}.Release|Any CPU.Deploy.0 = Release|Any CPU
	EndGlobalSection
	GlobalSection(SolutionProperties) = preSolution
		HideSolutionNode = FALSE
	EndGlobalSection
	GlobalSection(ExtensibilityGlobals) = postSolution
		SolutionGuid = {2A484FA3-6E59-4D1D-8E26-80C98A0E7759}
	EndGlobalSection
EndGlobal
